// !$*UTF8*$!
{
	archiveVersion = 1;
	classes = {
	};
	objectVersion = 77;
	objects = {

/* Begin PBXBuildFile section */
		7A41FD3C2DB43C68001D48F4 /* KeychainAccess in Frameworks */ = {isa = PBXBuildFile; productRef = 7A41FD3B2DB43C68001D48F4 /* KeychainAccess */; };
		7A54CB692DB5675A00BCA894 /* SwiftCSV in Frameworks */ = {isa = PBXBuildFile; productRef = 7A54CB682DB5675A00BCA894 /* SwiftCSV */; };
/* End PBXBuildFile section */

/* Begin PBXContainerItemProxy section */
		7A41FC992DB42FC9001D48F4 /* PBXContainerItemProxy */ = {
			isa = PBXContainerItemProxy;
			containerPortal = 7A41FC7C2DB42FC8001D48F4 /* Project object */;
			proxyType = 1;
			remoteGlobalIDString = 7A41FC832DB42FC8001D48F4;
			remoteInfo = PeakBot;
		};
		7A41FCA32DB42FC9001D48F4 /* PBXContainerItemProxy */ = {
			isa = PBXContainerItemProxy;
			containerPortal = 7A41FC7C2DB42FC8001D48F4 /* Project object */;
			proxyType = 1;
			remoteGlobalIDString = 7A41FC832DB42FC8001D48F4;
			remoteInfo = PeakBot;
		};
		7A41FCEA2DB43337001D48F4 /* PBXContainerItemProxy */ = {
			isa = PBXContainerItemProxy;
			containerPortal = 7A41FC7C2DB42FC8001D48F4 /* Project object */;
			proxyType = 1;
			remoteGlobalIDString = 7A41FCD62DB43337001D48F4;
			remoteInfo = PeakBotMac;
		};
		7A41FCF42DB43337001D48F4 /* PBXContainerItemProxy */ = {
			isa = PBXContainerItemProxy;
			containerPortal = 7A41FC7C2DB42FC8001D48F4 /* Project object */;
			proxyType = 1;
			remoteGlobalIDString = 7A41FCD62DB43337001D48F4;
			remoteInfo = PeakBotMac;
		};
/* End PBXContainerItemProxy section */

/* Begin PBXFileReference section */
		7A41FC842DB42FC8001D48F4 /* PeakBot.app */ = {isa = PBXFileReference; explicitFileType = wrapper.application; includeInIndex = 0; path = PeakBot.app; sourceTree = BUILT_PRODUCTS_DIR; };
		7A41FC982DB42FC9001D48F4 /* PeakBotTests.xctest */ = {isa = PBXFileReference; explicitFileType = wrapper.cfbundle; includeInIndex = 0; path = PeakBotTests.xctest; sourceTree = BUILT_PRODUCTS_DIR; };
		7A41FCA22DB42FC9001D48F4 /* PeakBotUITests.xctest */ = {isa = PBXFileReference; explicitFileType = wrapper.cfbundle; includeInIndex = 0; path = PeakBotUITests.xctest; sourceTree = BUILT_PRODUCTS_DIR; };
		7A41FCD72DB43337001D48F4 /* PeakBotMac.app */ = {isa = PBXFileReference; explicitFileType = wrapper.application; includeInIndex = 0; path = PeakBotMac.app; sourceTree = BUILT_PRODUCTS_DIR; };
		7A41FCE92DB43337001D48F4 /* PeakBotMacTests.xctest */ = {isa = PBXFileReference; explicitFileType = wrapper.cfbundle; includeInIndex = 0; path = PeakBotMacTests.xctest; sourceTree = BUILT_PRODUCTS_DIR; };
		7A41FCF32DB43337001D48F4 /* PeakBotMacUITests.xctest */ = {isa = PBXFileReference; explicitFileType = wrapper.cfbundle; includeInIndex = 0; path = PeakBotMacUITests.xctest; sourceTree = BUILT_PRODUCTS_DIR; };
/* End PBXFileReference section */

/* Begin PBXFileSystemSynchronizedBuildFileExceptionSet section */
		7A41FCAA2DB42FC9001D48F4 /* Exceptions for "PeakBot" folder in "PeakBot" target */ = {
			isa = PBXFileSystemSynchronizedBuildFileExceptionSet;
			membershipExceptions = (
				Info.plist,
			);
			target = 7A41FC832DB42FC8001D48F4 /* PeakBot */;
		};
/* End PBXFileSystemSynchronizedBuildFileExceptionSet section */

/* Begin PBXFileSystemSynchronizedRootGroup section */
		7A41FC862DB42FC8001D48F4 /* PeakBot */ = {
			isa = PBXFileSystemSynchronizedRootGroup;
			exceptions = (
				7A41FCAA2DB42FC9001D48F4 /* Exceptions for "PeakBot" folder in "PeakBot" target */,
			);
			path = PeakBot;
			sourceTree = "<group>";
		};
		7A41FC9B2DB42FC9001D48F4 /* PeakBotTests */ = {
			isa = PBXFileSystemSynchronizedRootGroup;
			path = PeakBotTests;
			sourceTree = "<group>";
		};
		7A41FCA52DB42FC9001D48F4 /* PeakBotUITests */ = {
			isa = PBXFileSystemSynchronizedRootGroup;
			path = PeakBotUITests;
			sourceTree = "<group>";
		};
/* End PBXFileSystemSynchronizedRootGroup section */

/* Begin PBXFrameworksBuildPhase section */
		7A41FC812DB42FC8001D48F4 /* Frameworks */ = {
			isa = PBXFrameworksBuildPhase;
			buildActionMask = 2147483647;
			files = (
				7A41FD3C2DB43C68001D48F4 /* KeychainAccess in Frameworks */,
				7A54CB692DB5675A00BCA894 /* SwiftCSV in Frameworks */,
			);
			runOnlyForDeploymentPostprocessing = 0;
		};
		7A41FC952DB42FC9001D48F4 /* Frameworks */ = {
			isa = PBXFrameworksBuildPhase;
			buildActionMask = 2147483647;
			files = (
			);
			runOnlyForDeploymentPostprocessing = 0;
		};
		7A41FC9F2DB42FC9001D48F4 /* Frameworks */ = {
			isa = PBXFrameworksBuildPhase;
			buildActionMask = 2147483647;
			files = (
			);
			runOnlyForDeploymentPostprocessing = 0;
		};
		7A41FCD42DB43337001D48F4 /* Frameworks */ = {
			isa = PBXFrameworksBuildPhase;
			buildActionMask = 2147483647;
			files = (
			);
			runOnlyForDeploymentPostprocessing = 0;
		};
		7A41FCE62DB43337001D48F4 /* Frameworks */ = {
			isa = PBXFrameworksBuildPhase;
			buildActionMask = 2147483647;
			files = (
			);
			runOnlyForDeploymentPostprocessing = 0;
		};
		7A41FCF02DB43337001D48F4 /* Frameworks */ = {
			isa = PBXFrameworksBuildPhase;
			buildActionMask = 2147483647;
			files = (
			);
			runOnlyForDeploymentPostprocessing = 0;
		};
/* End PBXFrameworksBuildPhase section */

/* Begin PBXGroup section */
		7A41FC7B2DB42FC8001D48F4 = {
			isa = PBXGroup;
			children = (
				7A41FC862DB42FC8001D48F4 /* PeakBot */,
				7A41FC9B2DB42FC9001D48F4 /* PeakBotTests */,
				7A41FCA52DB42FC9001D48F4 /* PeakBotUITests */,
				7A41FC852DB42FC8001D48F4 /* Products */,
			);
			sourceTree = "<group>";
		};
		7A41FC852DB42FC8001D48F4 /* Products */ = {
			isa = PBXGroup;
			children = (
				7A41FC842DB42FC8001D48F4 /* PeakBot.app */,
				7A41FC982DB42FC9001D48F4 /* PeakBotTests.xctest */,
				7A41FCA22DB42FC9001D48F4 /* PeakBotUITests.xctest */,
				7A41FCD72DB43337001D48F4 /* PeakBotMac.app */,
				7A41FCE92DB43337001D48F4 /* PeakBotMacTests.xctest */,
				7A41FCF32DB43337001D48F4 /* PeakBotMacUITests.xctest */,
			);
			name = Products;
			sourceTree = "<group>";
		};
/* End PBXGroup section */

/* Begin PBXNativeTarget section */
		7A41FC832DB42FC8001D48F4 /* PeakBot */ = {
			isa = PBXNativeTarget;
			buildConfigurationList = 7A41FCAB2DB42FC9001D48F4 /* Build configuration list for PBXNativeTarget "PeakBot" */;
			buildPhases = (
				7A41FC802DB42FC8001D48F4 /* Sources */,
				7A41FC812DB42FC8001D48F4 /* Frameworks */,
				7A41FC822DB42FC8001D48F4 /* Resources */,
			);
			buildRules = (
			);
			dependencies = (
			);
			fileSystemSynchronizedGroups = (
				7A41FC862DB42FC8001D48F4 /* PeakBot */,
			);
			name = PeakBot;
			packageProductDependencies = (
				7A41FD3B2DB43C68001D48F4 /* KeychainAccess */,
				7A54CB682DB5675A00BCA894 /* SwiftCSV */,
			);
			productName = PeakBot;
			productReference = 7A41FC842DB42FC8001D48F4 /* PeakBot.app */;
			productType = "com.apple.product-type.application";
		};
		7A41FC972DB42FC9001D48F4 /* PeakBotTests */ = {
			isa = PBXNativeTarget;
			buildConfigurationList = 7A41FCB02DB42FC9001D48F4 /* Build configuration list for PBXNativeTarget "PeakBotTests" */;
			buildPhases = (
				7A41FC942DB42FC9001D48F4 /* Sources */,
				7A41FC952DB42FC9001D48F4 /* Frameworks */,
				7A41FC962DB42FC9001D48F4 /* Resources */,
			);
			buildRules = (
			);
			dependencies = (
				7A41FC9A2DB42FC9001D48F4 /* PBXTargetDependency */,
			);
			fileSystemSynchronizedGroups = (
				7A41FC9B2DB42FC9001D48F4 /* PeakBotTests */,
			);
			name = PeakBotTests;
			packageProductDependencies = (
			);
			productName = PeakBotTests;
			productReference = 7A41FC982DB42FC9001D48F4 /* PeakBotTests.xctest */;
			productType = "com.apple.product-type.bundle.unit-test";
		};
		7A41FCA12DB42FC9001D48F4 /* PeakBotUITests */ = {
			isa = PBXNativeTarget;
			buildConfigurationList = 7A41FCB32DB42FC9001D48F4 /* Build configuration list for PBXNativeTarget "PeakBotUITests" */;
			buildPhases = (
				7A41FC9E2DB42FC9001D48F4 /* Sources */,
				7A41FC9F2DB42FC9001D48F4 /* Frameworks */,
				7A41FCA02DB42FC9001D48F4 /* Resources */,
			);
			buildRules = (
			);
			dependencies = (
				7A41FCA42DB42FC9001D48F4 /* PBXTargetDependency */,
			);
			fileSystemSynchronizedGroups = (
				7A41FCA52DB42FC9001D48F4 /* PeakBotUITests */,
			);
			name = PeakBotUITests;
			packageProductDependencies = (
			);
			productName = PeakBotUITests;
			productReference = 7A41FCA22DB42FC9001D48F4 /* PeakBotUITests.xctest */;
			productType = "com.apple.product-type.bundle.ui-testing";
		};
		7A41FCD62DB43337001D48F4 /* PeakBotMac */ = {
			isa = PBXNativeTarget;
			buildConfigurationList = 7A41FCFB2DB43338001D48F4 /* Build configuration list for PBXNativeTarget "PeakBotMac" */;
			buildPhases = (
				7A41FCD32DB43337001D48F4 /* Sources */,
				7A41FCD42DB43337001D48F4 /* Frameworks */,
				7A41FCD52DB43337001D48F4 /* Resources */,
			);
			buildRules = (
			);
			dependencies = (
			);
			name = PeakBotMac;
			packageProductDependencies = (
			);
			productName = PeakBotMac;
			productReference = 7A41FCD72DB43337001D48F4 /* PeakBotMac.app */;
			productType = "com.apple.product-type.application";
		};
		7A41FCE82DB43337001D48F4 /* PeakBotMacTests */ = {
			isa = PBXNativeTarget;
			buildConfigurationList = 7A41FCFE2DB43338001D48F4 /* Build configuration list for PBXNativeTarget "PeakBotMacTests" */;
			buildPhases = (
				7A41FCE52DB43337001D48F4 /* Sources */,
				7A41FCE62DB43337001D48F4 /* Frameworks */,
				7A41FCE72DB43337001D48F4 /* Resources */,
			);
			buildRules = (
			);
			dependencies = (
				7A41FCEB2DB43337001D48F4 /* PBXTargetDependency */,
			);
			name = PeakBotMacTests;
			packageProductDependencies = (
			);
			productName = PeakBotMacTests;
			productReference = 7A41FCE92DB43337001D48F4 /* PeakBotMacTests.xctest */;
			productType = "com.apple.product-type.bundle.unit-test";
		};
		7A41FCF22DB43337001D48F4 /* PeakBotMacUITests */ = {
			isa = PBXNativeTarget;
			buildConfigurationList = 7A41FD012DB43338001D48F4 /* Build configuration list for PBXNativeTarget "PeakBotMacUITests" */;
			buildPhases = (
				7A41FCEF2DB43337001D48F4 /* Sources */,
				7A41FCF02DB43337001D48F4 /* Frameworks */,
				7A41FCF12DB43337001D48F4 /* Resources */,
			);
			buildRules = (
			);
			dependencies = (
				7A41FCF52DB43337001D48F4 /* PBXTargetDependency */,
			);
			name = PeakBotMacUITests;
			packageProductDependencies = (
			);
			productName = PeakBotMacUITests;
			productReference = 7A41FCF32DB43337001D48F4 /* PeakBotMacUITests.xctest */;
			productType = "com.apple.product-type.bundle.ui-testing";
		};
/* End PBXNativeTarget section */

/* Begin PBXProject section */
		7A41FC7C2DB42FC8001D48F4 /* Project object */ = {
			isa = PBXProject;
			attributes = {
				BuildIndependentTargetsInParallel = 1;
				LastSwiftUpdateCheck = 1630;
				LastUpgradeCheck = 1630;
				TargetAttributes = {
					7A41FC832DB42FC8001D48F4 = {
						CreatedOnToolsVersion = 16.3;
					};
					7A41FC972DB42FC9001D48F4 = {
						CreatedOnToolsVersion = 16.3;
						TestTargetID = 7A41FC832DB42FC8001D48F4;
					};
					7A41FCA12DB42FC9001D48F4 = {
						CreatedOnToolsVersion = 16.3;
						TestTargetID = 7A41FC832DB42FC8001D48F4;
					};
					7A41FCD62DB43337001D48F4 = {
						CreatedOnToolsVersion = 16.3;
					};
					7A41FCE82DB43337001D48F4 = {
						CreatedOnToolsVersion = 16.3;
						TestTargetID = 7A41FCD62DB43337001D48F4;
					};
					7A41FCF22DB43337001D48F4 = {
						CreatedOnToolsVersion = 16.3;
						TestTargetID = 7A41FCD62DB43337001D48F4;
					};
				};
			};
			buildConfigurationList = 7A41FC7F2DB42FC8001D48F4 /* Build configuration list for PBXProject "PeakBot" */;
			developmentRegion = en;
			hasScannedForEncodings = 0;
			knownRegions = (
				en,
				Base,
			);
			mainGroup = 7A41FC7B2DB42FC8001D48F4;
			minimizedProjectReferenceProxies = 1;
			packageReferences = (
				7A41FD3A2DB43C68001D48F4 /* XCRemoteSwiftPackageReference "KeychainAccess" */,
				7A54CB672DB5675A00BCA894 /* XCRemoteSwiftPackageReference "SwiftCSV" */,
			);
			preferredProjectObjectVersion = 77;
			productRefGroup = 7A41FC852DB42FC8001D48F4 /* Products */;
			projectDirPath = "";
			projectRoot = "";
			targets = (
				7A41FC832DB42FC8001D48F4 /* PeakBot */,
				7A41FC972DB42FC9001D48F4 /* PeakBotTests */,
				7A41FCA12DB42FC9001D48F4 /* PeakBotUITests */,
				7A41FCD62DB43337001D48F4 /* PeakBotMac */,
				7A41FCE82DB43337001D48F4 /* PeakBotMacTests */,
				7A41FCF22DB43337001D48F4 /* PeakBotMacUITests */,
			);
		};
/* End PBXProject section */

/* Begin PBXResourcesBuildPhase section */
		7A41FC822DB42FC8001D48F4 /* Resources */ = {
			isa = PBXResourcesBuildPhase;
			buildActionMask = 2147483647;
			files = (
			);
			runOnlyForDeploymentPostprocessing = 0;
		};
		7A41FC962DB42FC9001D48F4 /* Resources */ = {
			isa = PBXResourcesBuildPhase;
			buildActionMask = 2147483647;
			files = (
			);
			runOnlyForDeploymentPostprocessing = 0;
		};
		7A41FCA02DB42FC9001D48F4 /* Resources */ = {
			isa = PBXResourcesBuildPhase;
			buildActionMask = 2147483647;
			files = (
			);
			runOnlyForDeploymentPostprocessing = 0;
		};
		7A41FCD52DB43337001D48F4 /* Resources */ = {
			isa = PBXResourcesBuildPhase;
			buildActionMask = 2147483647;
			files = (
			);
			runOnlyForDeploymentPostprocessing = 0;
		};
		7A41FCE72DB43337001D48F4 /* Resources */ = {
			isa = PBXResourcesBuildPhase;
			buildActionMask = 2147483647;
			files = (
			);
			runOnlyForDeploymentPostprocessing = 0;
		};
		7A41FCF12DB43337001D48F4 /* Resources */ = {
			isa = PBXResourcesBuildPhase;
			buildActionMask = 2147483647;
			files = (
			);
			runOnlyForDeploymentPostprocessing = 0;
		};
/* End PBXResourcesBuildPhase section */

/* Begin PBXSourcesBuildPhase section */
		7A41FC802DB42FC8001D48F4 /* Sources */ = {
			isa = PBXSourcesBuildPhase;
			buildActionMask = 2147483647;
			files = (
			);
			runOnlyForDeploymentPostprocessing = 0;
		};
		7A41FC942DB42FC9001D48F4 /* Sources */ = {
			isa = PBXSourcesBuildPhase;
			buildActionMask = 2147483647;
			files = (
			);
			runOnlyForDeploymentPostprocessing = 0;
		};
		7A41FC9E2DB42FC9001D48F4 /* Sources */ = {
			isa = PBXSourcesBuildPhase;
			buildActionMask = 2147483647;
			files = (
			);
			runOnlyForDeploymentPostprocessing = 0;
		};
		7A41FCD32DB43337001D48F4 /* Sources */ = {
			isa = PBXSourcesBuildPhase;
			buildActionMask = 2147483647;
			files = (
			);
			runOnlyForDeploymentPostprocessing = 0;
		};
		7A41FCE52DB43337001D48F4 /* Sources */ = {
			isa = PBXSourcesBuildPhase;
			buildActionMask = 2147483647;
			files = (
			);
			runOnlyForDeploymentPostprocessing = 0;
		};
		7A41FCEF2DB43337001D48F4 /* Sources */ = {
			isa = PBXSourcesBuildPhase;
			buildActionMask = 2147483647;
			files = (
			);
			runOnlyForDeploymentPostprocessing = 0;
		};
/* End PBXSourcesBuildPhase section */

/* Begin PBXTargetDependency section */
		7A41FC9A2DB42FC9001D48F4 /* PBXTargetDependency */ = {
			isa = PBXTargetDependency;
			target = 7A41FC832DB42FC8001D48F4 /* PeakBot */;
			targetProxy = 7A41FC992DB42FC9001D48F4 /* PBXContainerItemProxy */;
		};
		7A41FCA42DB42FC9001D48F4 /* PBXTargetDependency */ = {
			isa = PBXTargetDependency;
			target = 7A41FC832DB42FC8001D48F4 /* PeakBot */;
			targetProxy = 7A41FCA32DB42FC9001D48F4 /* PBXContainerItemProxy */;
		};
		7A41FCEB2DB43337001D48F4 /* PBXTargetDependency */ = {
			isa = PBXTargetDependency;
			target = 7A41FCD62DB43337001D48F4 /* PeakBotMac */;
			targetProxy = 7A41FCEA2DB43337001D48F4 /* PBXContainerItemProxy */;
		};
		7A41FCF52DB43337001D48F4 /* PBXTargetDependency */ = {
			isa = PBXTargetDependency;
			target = 7A41FCD62DB43337001D48F4 /* PeakBotMac */;
			targetProxy = 7A41FCF42DB43337001D48F4 /* PBXContainerItemProxy */;
		};
/* End PBXTargetDependency section */

/* Begin XCBuildConfiguration section */
		7A41FCAC2DB42FC9001D48F4 /* Debug */ = {
			isa = XCBuildConfiguration;
			buildSettings = {
				ASSETCATALOG_COMPILER_APPICON_NAME = AppIcon;
				ASSETCATALOG_COMPILER_GLOBAL_ACCENT_COLOR_NAME = AccentColor;
				CODE_SIGN_ENTITLEMENTS = PeakBot/PeakBot.entitlements;
				CODE_SIGN_STYLE = Automatic;
				CURRENT_PROJECT_VERSION = 1;
				DEVELOPMENT_TEAM = ZW6EQ2JWKC;
				ENABLE_HARDENED_RUNTIME = YES;
				ENABLE_PREVIEWS = YES;
				GENERATE_INFOPLIST_FILE = YES;
				INFOPLIST_FILE = PeakBot/Info.plist;
				"INFOPLIST_KEY_UIApplicationSceneManifest_Generation[sdk=iphoneos*]" = YES;
				"INFOPLIST_KEY_UIApplicationSceneManifest_Generation[sdk=iphonesimulator*]" = YES;
				"INFOPLIST_KEY_UIApplicationSupportsIndirectInputEvents[sdk=iphoneos*]" = YES;
				"INFOPLIST_KEY_UIApplicationSupportsIndirectInputEvents[sdk=iphonesimulator*]" = YES;
				"INFOPLIST_KEY_UILaunchScreen_Generation[sdk=iphoneos*]" = YES;
				"INFOPLIST_KEY_UILaunchScreen_Generation[sdk=iphonesimulator*]" = YES;
				"INFOPLIST_KEY_UIStatusBarStyle[sdk=iphoneos*]" = UIStatusBarStyleDefault;
				"INFOPLIST_KEY_UIStatusBarStyle[sdk=iphonesimulator*]" = UIStatusBarStyleDefault;
				INFOPLIST_KEY_UISupportedInterfaceOrientations_iPad = "UIInterfaceOrientationPortrait UIInterfaceOrientationPortraitUpsideDown UIInterfaceOrientationLandscapeLeft UIInterfaceOrientationLandscapeRight";
				INFOPLIST_KEY_UISupportedInterfaceOrientations_iPhone = "UIInterfaceOrientationPortrait UIInterfaceOrientationLandscapeLeft UIInterfaceOrientationLandscapeRight";
				IPHONEOS_DEPLOYMENT_TARGET = 18.4;
				LD_RUNPATH_SEARCH_PATHS = "@executable_path/Frameworks";
				"LD_RUNPATH_SEARCH_PATHS[sdk=macosx*]" = "@executable_path/../Frameworks";
				MACOSX_DEPLOYMENT_TARGET = 15.4;
				MARKETING_VERSION = 1.0;
				PRODUCT_BUNDLE_IDENTIFIER = com.bobk.PeakBot;
				PRODUCT_NAME = "$(TARGET_NAME)";
				REGISTER_APP_GROUPS = YES;
				SDKROOT = auto;
				SUPPORTED_PLATFORMS = "iphoneos iphonesimulator macosx xros xrsimulator";
				SWIFT_EMIT_LOC_STRINGS = YES;
				SWIFT_VERSION = 5.0;
				TARGETED_DEVICE_FAMILY = "1,2,7";
				XROS_DEPLOYMENT_TARGET = 2.4;
			};
			name = Debug;
		};
		7A41FCAD2DB42FC9001D48F4 /* Release */ = {
			isa = XCBuildConfiguration;
			buildSettings = {
				ASSETCATALOG_COMPILER_APPICON_NAME = AppIcon;
				ASSETCATALOG_COMPILER_GLOBAL_ACCENT_COLOR_NAME = AccentColor;
				CODE_SIGN_ENTITLEMENTS = PeakBot/PeakBot.entitlements;
				CODE_SIGN_STYLE = Automatic;
				CURRENT_PROJECT_VERSION = 1;
				DEVELOPMENT_TEAM = ZW6EQ2JWKC;
				ENABLE_HARDENED_RUNTIME = YES;
				ENABLE_PREVIEWS = YES;
				GENERATE_INFOPLIST_FILE = YES;
				INFOPLIST_FILE = PeakBot/Info.plist;
				"INFOPLIST_KEY_UIApplicationSceneManifest_Generation[sdk=iphoneos*]" = YES;
				"INFOPLIST_KEY_UIApplicationSceneManifest_Generation[sdk=iphonesimulator*]" = YES;
				"INFOPLIST_KEY_UIApplicationSupportsIndirectInputEvents[sdk=iphoneos*]" = YES;
				"INFOPLIST_KEY_UIApplicationSupportsIndirectInputEvents[sdk=iphonesimulator*]" = YES;
				"INFOPLIST_KEY_UILaunchScreen_Generation[sdk=iphoneos*]" = YES;
				"INFOPLIST_KEY_UILaunchScreen_Generation[sdk=iphonesimulator*]" = YES;
				"INFOPLIST_KEY_UIStatusBarStyle[sdk=iphoneos*]" = UIStatusBarStyleDefault;
				"INFOPLIST_KEY_UIStatusBarStyle[sdk=iphonesimulator*]" = UIStatusBarStyleDefault;
				INFOPLIST_KEY_UISupportedInterfaceOrientations_iPad = "UIInterfaceOrientationPortrait UIInterfaceOrientationPortraitUpsideDown UIInterfaceOrientationLandscapeLeft UIInterfaceOrientationLandscapeRight";
				INFOPLIST_KEY_UISupportedInterfaceOrientations_iPhone = "UIInterfaceOrientationPortrait UIInterfaceOrientationLandscapeLeft UIInterfaceOrientationLandscapeRight";
				IPHONEOS_DEPLOYMENT_TARGET = 18.4;
				LD_RUNPATH_SEARCH_PATHS = "@executable_path/Frameworks";
				"LD_RUNPATH_SEARCH_PATHS[sdk=macosx*]" = "@executable_path/../Frameworks";
				MACOSX_DEPLOYMENT_TARGET = 15.4;
				MARKETING_VERSION = 1.0;
				PRODUCT_BUNDLE_IDENTIFIER = com.bobk.PeakBot;
				PRODUCT_NAME = "$(TARGET_NAME)";
				REGISTER_APP_GROUPS = YES;
				SDKROOT = auto;
				SUPPORTED_PLATFORMS = "iphoneos iphonesimulator macosx xros xrsimulator";
				SWIFT_EMIT_LOC_STRINGS = YES;
				SWIFT_VERSION = 5.0;
				TARGETED_DEVICE_FAMILY = "1,2,7";
				XROS_DEPLOYMENT_TARGET = 2.4;
			};
			name = Release;
		};
		7A41FCAE2DB42FC9001D48F4 /* Debug */ = {
			isa = XCBuildConfiguration;
			buildSettings = {
				ALWAYS_SEARCH_USER_PATHS = NO;
				ASSETCATALOG_COMPILER_GENERATE_SWIFT_ASSET_SYMBOL_EXTENSIONS = YES;
				CLANG_ANALYZER_NONNULL = YES;
				CLANG_ANALYZER_NUMBER_OBJECT_CONVERSION = YES_AGGRESSIVE;
				CLANG_CXX_LANGUAGE_STANDARD = "gnu++20";
				CLANG_ENABLE_MODULES = YES;
				CLANG_ENABLE_OBJC_ARC = YES;
				CLANG_ENABLE_OBJC_WEAK = YES;
				CLANG_WARN_BLOCK_CAPTURE_AUTORELEASING = YES;
				CLANG_WARN_BOOL_CONVERSION = YES;
				CLANG_WARN_COMMA = YES;
				CLANG_WARN_CONSTANT_CONVERSION = YES;
				CLANG_WARN_DEPRECATED_OBJC_IMPLEMENTATIONS = YES;
				CLANG_WARN_DIRECT_OBJC_ISA_USAGE = YES_ERROR;
				CLANG_WARN_DOCUMENTATION_COMMENTS = YES;
				CLANG_WARN_EMPTY_BODY = YES;
				CLANG_WARN_ENUM_CONVERSION = YES;
				CLANG_WARN_INFINITE_RECURSION = YES;
				CLANG_WARN_INT_CONVERSION = YES;
				CLANG_WARN_NON_LITERAL_NULL_CONVERSION = YES;
				CLANG_WARN_OBJC_IMPLICIT_RETAIN_SELF = YES;
				CLANG_WARN_OBJC_LITERAL_CONVERSION = YES;
				CLANG_WARN_OBJC_ROOT_CLASS = YES_ERROR;
				CLANG_WARN_QUOTED_INCLUDE_IN_FRAMEWORK_HEADER = YES;
				CLANG_WARN_RANGE_LOOP_ANALYSIS = YES;
				CLANG_WARN_STRICT_PROTOTYPES = YES;
				CLANG_WARN_SUSPICIOUS_MOVE = YES;
				CLANG_WARN_UNGUARDED_AVAILABILITY = YES_AGGRESSIVE;
				CLANG_WARN_UNREACHABLE_CODE = YES;
				CLANG_WARN__DUPLICATE_METHOD_MATCH = YES;
				COPY_PHASE_STRIP = NO;
				DEBUG_INFORMATION_FORMAT = dwarf;
				DEVELOPMENT_TEAM = ZW6EQ2JWKC;
				ENABLE_STRICT_OBJC_MSGSEND = YES;
				ENABLE_TESTABILITY = YES;
				ENABLE_USER_SCRIPT_SANDBOXING = YES;
				GCC_C_LANGUAGE_STANDARD = gnu17;
				GCC_DYNAMIC_NO_PIC = NO;
				GCC_NO_COMMON_BLOCKS = YES;
				GCC_OPTIMIZATION_LEVEL = 0;
				GCC_PREPROCESSOR_DEFINITIONS = (
					"DEBUG=1",
					"$(inherited)",
				);
				GCC_WARN_64_TO_32_BIT_CONVERSION = YES;
				GCC_WARN_ABOUT_RETURN_TYPE = YES_ERROR;
				GCC_WARN_UNDECLARED_SELECTOR = YES;
				GCC_WARN_UNINITIALIZED_AUTOS = YES_AGGRESSIVE;
				GCC_WARN_UNUSED_FUNCTION = YES;
				GCC_WARN_UNUSED_VARIABLE = YES;
				LOCALIZATION_PREFERS_STRING_CATALOGS = YES;
				MTL_ENABLE_DEBUG_INFO = INCLUDE_SOURCE;
				MTL_FAST_MATH = YES;
				ONLY_ACTIVE_ARCH = YES;
				SWIFT_ACTIVE_COMPILATION_CONDITIONS = "DEBUG $(inherited)";
				SWIFT_OPTIMIZATION_LEVEL = "-Onone";
			};
			name = Debug;
		};
		7A41FCAF2DB42FC9001D48F4 /* Release */ = {
			isa = XCBuildConfiguration;
			buildSettings = {
				ALWAYS_SEARCH_USER_PATHS = NO;
				ASSETCATALOG_COMPILER_GENERATE_SWIFT_ASSET_SYMBOL_EXTENSIONS = YES;
				CLANG_ANALYZER_NONNULL = YES;
				CLANG_ANALYZER_NUMBER_OBJECT_CONVERSION = YES_AGGRESSIVE;
				CLANG_CXX_LANGUAGE_STANDARD = "gnu++20";
				CLANG_ENABLE_MODULES = YES;
				CLANG_ENABLE_OBJC_ARC = YES;
				CLANG_ENABLE_OBJC_WEAK = YES;
				CLANG_WARN_BLOCK_CAPTURE_AUTORELEASING = YES;
				CLANG_WARN_BOOL_CONVERSION = YES;
				CLANG_WARN_COMMA = YES;
				CLANG_WARN_CONSTANT_CONVERSION = YES;
				CLANG_WARN_DEPRECATED_OBJC_IMPLEMENTATIONS = YES;
				CLANG_WARN_DIRECT_OBJC_ISA_USAGE = YES_ERROR;
				CLANG_WARN_DOCUMENTATION_COMMENTS = YES;
				CLANG_WARN_EMPTY_BODY = YES;
				CLANG_WARN_ENUM_CONVERSION = YES;
				CLANG_WARN_INFINITE_RECURSION = YES;
				CLANG_WARN_INT_CONVERSION = YES;
				CLANG_WARN_NON_LITERAL_NULL_CONVERSION = YES;
				CLANG_WARN_OBJC_IMPLICIT_RETAIN_SELF = YES;
				CLANG_WARN_OBJC_LITERAL_CONVERSION = YES;
				CLANG_WARN_OBJC_ROOT_CLASS = YES_ERROR;
				CLANG_WARN_QUOTED_INCLUDE_IN_FRAMEWORK_HEADER = YES;
				CLANG_WARN_RANGE_LOOP_ANALYSIS = YES;
				CLANG_WARN_STRICT_PROTOTYPES = YES;
				CLANG_WARN_SUSPICIOUS_MOVE = YES;
				CLANG_WARN_UNGUARDED_AVAILABILITY = YES_AGGRESSIVE;
				CLANG_WARN_UNREACHABLE_CODE = YES;
				CLANG_WARN__DUPLICATE_METHOD_MATCH = YES;
				COPY_PHASE_STRIP = NO;
				DEBUG_INFORMATION_FORMAT = "dwarf-with-dsym";
				DEVELOPMENT_TEAM = ZW6EQ2JWKC;
				ENABLE_NS_ASSERTIONS = NO;
				ENABLE_STRICT_OBJC_MSGSEND = YES;
				ENABLE_USER_SCRIPT_SANDBOXING = YES;
				GCC_C_LANGUAGE_STANDARD = gnu17;
				GCC_NO_COMMON_BLOCKS = YES;
				GCC_WARN_64_TO_32_BIT_CONVERSION = YES;
				GCC_WARN_ABOUT_RETURN_TYPE = YES_ERROR;
				GCC_WARN_UNDECLARED_SELECTOR = YES;
				GCC_WARN_UNINITIALIZED_AUTOS = YES_AGGRESSIVE;
				GCC_WARN_UNUSED_FUNCTION = YES;
				GCC_WARN_UNUSED_VARIABLE = YES;
				LOCALIZATION_PREFERS_STRING_CATALOGS = YES;
				MTL_ENABLE_DEBUG_INFO = NO;
				MTL_FAST_MATH = YES;
				SWIFT_COMPILATION_MODE = wholemodule;
			};
			name = Release;
		};
		7A41FCB12DB42FC9001D48F4 /* Debug */ = {
			isa = XCBuildConfiguration;
			buildSettings = {
				BUNDLE_LOADER = "$(TEST_HOST)";
				CODE_SIGN_STYLE = Automatic;
				CURRENT_PROJECT_VERSION = 1;
				DEVELOPMENT_TEAM = ZW6EQ2JWKC;
				GENERATE_INFOPLIST_FILE = YES;
				IPHONEOS_DEPLOYMENT_TARGET = 18.4;
				MACOSX_DEPLOYMENT_TARGET = 15.4;
				MARKETING_VERSION = 1.0;
				PRODUCT_BUNDLE_IDENTIFIER = com.bobk.PeakBotTests;
				PRODUCT_NAME = "$(TARGET_NAME)";
				SDKROOT = auto;
				SUPPORTED_PLATFORMS = "iphoneos iphonesimulator macosx xros xrsimulator";
				SWIFT_EMIT_LOC_STRINGS = NO;
				SWIFT_VERSION = 5.0;
				TARGETED_DEVICE_FAMILY = "1,2,7";
				TEST_HOST = "$(BUILT_PRODUCTS_DIR)/PeakBot.app/$(BUNDLE_EXECUTABLE_FOLDER_PATH)/PeakBot";
				XROS_DEPLOYMENT_TARGET = 2.4;
			};
			name = Debug;
		};
		7A41FCB22DB42FC9001D48F4 /* Release */ = {
			isa = XCBuildConfiguration;
			buildSettings = {
				BUNDLE_LOADER = "$(TEST_HOST)";
				CODE_SIGN_STYLE = Automatic;
				CURRENT_PROJECT_VERSION = 1;
				DEVELOPMENT_TEAM = ZW6EQ2JWKC;
				GENERATE_INFOPLIST_FILE = YES;
				IPHONEOS_DEPLOYMENT_TARGET = 18.4;
				MACOSX_DEPLOYMENT_TARGET = 15.4;
				MARKETING_VERSION = 1.0;
				PRODUCT_BUNDLE_IDENTIFIER = com.bobk.PeakBotTests;
				PRODUCT_NAME = "$(TARGET_NAME)";
				SDKROOT = auto;
				SUPPORTED_PLATFORMS = "iphoneos iphonesimulator macosx xros xrsimulator";
				SWIFT_EMIT_LOC_STRINGS = NO;
				SWIFT_VERSION = 5.0;
				TARGETED_DEVICE_FAMILY = "1,2,7";
				TEST_HOST = "$(BUILT_PRODUCTS_DIR)/PeakBot.app/$(BUNDLE_EXECUTABLE_FOLDER_PATH)/PeakBot";
				XROS_DEPLOYMENT_TARGET = 2.4;
			};
			name = Release;
		};
		7A41FCB42DB42FC9001D48F4 /* Debug */ = {
			isa = XCBuildConfiguration;
			buildSettings = {
				CODE_SIGN_STYLE = Automatic;
				CURRENT_PROJECT_VERSION = 1;
				DEVELOPMENT_TEAM = ZW6EQ2JWKC;
				GENERATE_INFOPLIST_FILE = YES;
				IPHONEOS_DEPLOYMENT_TARGET = 18.4;
				MACOSX_DEPLOYMENT_TARGET = 15.4;
				MARKETING_VERSION = 1.0;
				PRODUCT_BUNDLE_IDENTIFIER = com.bobk.PeakBotUITests;
				PRODUCT_NAME = "$(TARGET_NAME)";
				SDKROOT = auto;
				SUPPORTED_PLATFORMS = "iphoneos iphonesimulator macosx xros xrsimulator";
				SWIFT_EMIT_LOC_STRINGS = NO;
				SWIFT_VERSION = 5.0;
				TARGETED_DEVICE_FAMILY = "1,2,7";
				TEST_TARGET_NAME = PeakBot;
				XROS_DEPLOYMENT_TARGET = 2.4;
			};
			name = Debug;
		};
		7A41FCB52DB42FC9001D48F4 /* Release */ = {
			isa = XCBuildConfiguration;
			buildSettings = {
				CODE_SIGN_STYLE = Automatic;
				CURRENT_PROJECT_VERSION = 1;
				DEVELOPMENT_TEAM = ZW6EQ2JWKC;
				GENERATE_INFOPLIST_FILE = YES;
				IPHONEOS_DEPLOYMENT_TARGET = 18.4;
				MACOSX_DEPLOYMENT_TARGET = 15.4;
				MARKETING_VERSION = 1.0;
				PRODUCT_BUNDLE_IDENTIFIER = com.bobk.PeakBotUITests;
				PRODUCT_NAME = "$(TARGET_NAME)";
				SDKROOT = auto;
				SUPPORTED_PLATFORMS = "iphoneos iphonesimulator macosx xros xrsimulator";
				SWIFT_EMIT_LOC_STRINGS = NO;
				SWIFT_VERSION = 5.0;
				TARGETED_DEVICE_FAMILY = "1,2,7";
				TEST_TARGET_NAME = PeakBot;
				XROS_DEPLOYMENT_TARGET = 2.4;
			};
			name = Release;
		};
		7A41FCFC2DB43338001D48F4 /* Debug */ = {
			isa = XCBuildConfiguration;
			buildSettings = {
				ASSETCATALOG_COMPILER_APPICON_NAME = AppIcon;
				ASSETCATALOG_COMPILER_GLOBAL_ACCENT_COLOR_NAME = AccentColor;
				CODE_SIGN_ENTITLEMENTS = PeakBotMac/PeakBotMac.entitlements;
				CODE_SIGN_STYLE = Automatic;
				COMBINE_HIDPI_IMAGES = YES;
				CURRENT_PROJECT_VERSION = 1;
				DEVELOPMENT_TEAM = ZW6EQ2JWKC;
				ENABLE_HARDENED_RUNTIME = YES;
				ENABLE_PREVIEWS = YES;
				GENERATE_INFOPLIST_FILE = YES;
				INFOPLIST_KEY_NSHumanReadableCopyright = "";
				LD_RUNPATH_SEARCH_PATHS = (
					"$(inherited)",
					"@executable_path/../Frameworks",
				);
				MACOSX_DEPLOYMENT_TARGET = 15.4;
				MARKETING_VERSION = 1.0;
				PRODUCT_BUNDLE_IDENTIFIER = com.bobk.PeakBotMac;
				PRODUCT_NAME = "$(TARGET_NAME)";
				REGISTER_APP_GROUPS = YES;
				SDKROOT = macosx;
				SWIFT_EMIT_LOC_STRINGS = YES;
				SWIFT_VERSION = 5.0;
			};
			name = Debug;
		};
		7A41FCFD2DB43338001D48F4 /* Release */ = {
			isa = XCBuildConfiguration;
			buildSettings = {
				ASSETCATALOG_COMPILER_APPICON_NAME = AppIcon;
				ASSETCATALOG_COMPILER_GLOBAL_ACCENT_COLOR_NAME = AccentColor;
				CODE_SIGN_ENTITLEMENTS = PeakBotMac/PeakBotMac.entitlements;
				CODE_SIGN_STYLE = Automatic;
				COMBINE_HIDPI_IMAGES = YES;
				CURRENT_PROJECT_VERSION = 1;
				DEVELOPMENT_TEAM = ZW6EQ2JWKC;
				ENABLE_HARDENED_RUNTIME = YES;
				ENABLE_PREVIEWS = YES;
				GENERATE_INFOPLIST_FILE = YES;
				INFOPLIST_KEY_NSHumanReadableCopyright = "";
				LD_RUNPATH_SEARCH_PATHS = (
					"$(inherited)",
					"@executable_path/../Frameworks",
				);
				MACOSX_DEPLOYMENT_TARGET = 15.4;
				MARKETING_VERSION = 1.0;
				PRODUCT_BUNDLE_IDENTIFIER = com.bobk.PeakBotMac;
				PRODUCT_NAME = "$(TARGET_NAME)";
				REGISTER_APP_GROUPS = YES;
				SDKROOT = macosx;
				SWIFT_EMIT_LOC_STRINGS = YES;
				SWIFT_VERSION = 5.0;
			};
			name = Release;
		};
		7A41FCFF2DB43338001D48F4 /* Debug */ = {
			isa = XCBuildConfiguration;
			buildSettings = {
				BUNDLE_LOADER = "$(TEST_HOST)";
				CODE_SIGN_STYLE = Automatic;
				CURRENT_PROJECT_VERSION = 1;
				DEVELOPMENT_TEAM = ZW6EQ2JWKC;
				GENERATE_INFOPLIST_FILE = YES;
				MACOSX_DEPLOYMENT_TARGET = 15.4;
				MARKETING_VERSION = 1.0;
				PRODUCT_BUNDLE_IDENTIFIER = com.bobk.PeakBotMacTests;
				PRODUCT_NAME = "$(TARGET_NAME)";
				SDKROOT = macosx;
				SWIFT_EMIT_LOC_STRINGS = NO;
				SWIFT_VERSION = 5.0;
				TEST_HOST = "$(BUILT_PRODUCTS_DIR)/PeakBotMac.app/$(BUNDLE_EXECUTABLE_FOLDER_PATH)/PeakBotMac";
			};
			name = Debug;
		};
		7A41FD002DB43338001D48F4 /* Release */ = {
			isa = XCBuildConfiguration;
			buildSettings = {
				BUNDLE_LOADER = "$(TEST_HOST)";
				CODE_SIGN_STYLE = Automatic;
				CURRENT_PROJECT_VERSION = 1;
				DEVELOPMENT_TEAM = ZW6EQ2JWKC;
				GENERATE_INFOPLIST_FILE = YES;
				MACOSX_DEPLOYMENT_TARGET = 15.4;
				MARKETING_VERSION = 1.0;
				PRODUCT_BUNDLE_IDENTIFIER = com.bobk.PeakBotMacTests;
				PRODUCT_NAME = "$(TARGET_NAME)";
				SDKROOT = macosx;
				SWIFT_EMIT_LOC_STRINGS = NO;
				SWIFT_VERSION = 5.0;
				TEST_HOST = "$(BUILT_PRODUCTS_DIR)/PeakBotMac.app/$(BUNDLE_EXECUTABLE_FOLDER_PATH)/PeakBotMac";
			};
			name = Release;
		};
		7A41FD022DB43338001D48F4 /* Debug */ = {
			isa = XCBuildConfiguration;
			buildSettings = {
				CODE_SIGN_STYLE = Automatic;
				CURRENT_PROJECT_VERSION = 1;
				DEVELOPMENT_TEAM = ZW6EQ2JWKC;
				GENERATE_INFOPLIST_FILE = YES;
				MACOSX_DEPLOYMENT_TARGET = 15.4;
				MARKETING_VERSION = 1.0;
				PRODUCT_BUNDLE_IDENTIFIER = com.bobk.PeakBotMacUITests;
				PRODUCT_NAME = "$(TARGET_NAME)";
				SDKROOT = macosx;
				SWIFT_EMIT_LOC_STRINGS = NO;
				SWIFT_VERSION = 5.0;
				TEST_TARGET_NAME = PeakBotMac;
			};
			name = Debug;
		};
		7A41FD032DB43338001D48F4 /* Release */ = {
			isa = XCBuildConfiguration;
			buildSettings = {
				CODE_SIGN_STYLE = Automatic;
				CURRENT_PROJECT_VERSION = 1;
				DEVELOPMENT_TEAM = ZW6EQ2JWKC;
				GENERATE_INFOPLIST_FILE = YES;
				MACOSX_DEPLOYMENT_TARGET = 15.4;
				MARKETING_VERSION = 1.0;
				PRODUCT_BUNDLE_IDENTIFIER = com.bobk.PeakBotMacUITests;
				PRODUCT_NAME = "$(TARGET_NAME)";
				SDKROOT = macosx;
				SWIFT_EMIT_LOC_STRINGS = NO;
				SWIFT_VERSION = 5.0;
				TEST_TARGET_NAME = PeakBotMac;
			};
			name = Release;
		};
/* End XCBuildConfiguration section */

/* Begin XCConfigurationList section */
		7A41FC7F2DB42FC8001D48F4 /* Build configuration list for PBXProject "PeakBot" */ = {
			isa = XCConfigurationList;
			buildConfigurations = (
				7A41FCAE2DB42FC9001D48F4 /* Debug */,
				7A41FCAF2DB42FC9001D48F4 /* Release */,
			);
			defaultConfigurationIsVisible = 0;
			defaultConfigurationName = Release;
		};
		7A41FCAB2DB42FC9001D48F4 /* Build configuration list for PBXNativeTarget "PeakBot" */ = {
			isa = XCConfigurationList;
			buildConfigurations = (
				7A41FCAC2DB42FC9001D48F4 /* Debug */,
				7A41FCAD2DB42FC9001D48F4 /* Release */,
			);
			defaultConfigurationIsVisible = 0;
			defaultConfigurationName = Release;
		};
		7A41FCB02DB42FC9001D48F4 /* Build configuration list for PBXNativeTarget "PeakBotTests" */ = {
			isa = XCConfigurationList;
			buildConfigurations = (
				7A41FCB12DB42FC9001D48F4 /* Debug */,
				7A41FCB22DB42FC9001D48F4 /* Release */,
			);
			defaultConfigurationIsVisible = 0;
			defaultConfigurationName = Release;
		};
		7A41FCB32DB42FC9001D48F4 /* Build configuration list for PBXNativeTarget "PeakBotUITests" */ = {
			isa = XCConfigurationList;
			buildConfigurations = (
				7A41FCB42DB42FC9001D48F4 /* Debug */,
				7A41FCB52DB42FC9001D48F4 /* Release */,
			);
			defaultConfigurationIsVisible = 0;
			defaultConfigurationName = Release;
		};
		7A41FCFB2DB43338001D48F4 /* Build configuration list for PBXNativeTarget "PeakBotMac" */ = {
			isa = XCConfigurationList;
			buildConfigurations = (
				7A41FCFC2DB43338001D48F4 /* Debug */,
				7A41FCFD2DB43338001D48F4 /* Release */,
			);
			defaultConfigurationIsVisible = 0;
			defaultConfigurationName = Release;
		};
		7A41FCFE2DB43338001D48F4 /* Build configuration list for PBXNativeTarget "PeakBotMacTests" */ = {
			isa = XCConfigurationList;
			buildConfigurations = (
				7A41FCFF2DB43338001D48F4 /* Debug */,
				7A41FD002DB43338001D48F4 /* Release */,
			);
			defaultConfigurationIsVisible = 0;
			defaultConfigurationName = Release;
		};
		7A41FD012DB43338001D48F4 /* Build configuration list for PBXNativeTarget "PeakBotMacUITests" */ = {
			isa = XCConfigurationList;
			buildConfigurations = (
				7A41FD022DB43338001D48F4 /* Debug */,
				7A41FD032DB43338001D48F4 /* Release */,
			);
			defaultConfigurationIsVisible = 0;
			defaultConfigurationName = Release;
		};
/* End XCConfigurationList section */

/* Begin XCRemoteSwiftPackageReference section */
		7A41FD3A2DB43C68001D48F4 /* XCRemoteSwiftPackageReference "KeychainAccess" */ = {
			isa = XCRemoteSwiftPackageReference;
			repositoryURL = "https://github.com/kishikawakatsumi/KeychainAccess";
			requirement = {
				branch = master;
				kind = branch;
			};
		};
		7A54CB672DB5675A00BCA894 /* XCRemoteSwiftPackageReference "SwiftCSV" */ = {
			isa = XCRemoteSwiftPackageReference;
			repositoryURL = "https://github.com/swiftcsv/SwiftCSV";
			requirement = {
				kind = upToNextMajorVersion;
				minimumVersion = 0.10.0;
			};
		};
/* End XCRemoteSwiftPackageReference section */

/* Begin XCSwiftPackageProductDependency section */
		7A41FD3B2DB43C68001D48F4 /* KeychainAccess */ = {
			isa = XCSwiftPackageProductDependency;
			package = 7A41FD3A2DB43C68001D48F4 /* XCRemoteSwiftPackageReference "KeychainAccess" */;
			productName = KeychainAccess;
		};
		7A54CB682DB5675A00BCA894 /* SwiftCSV */ = {
			isa = XCSwiftPackageProductDependency;
			package = 7A54CB672DB5675A00BCA894 /* XCRemoteSwiftPackageReference "SwiftCSV" */;
			productName = SwiftCSV;
		};
/* End XCSwiftPackageProductDependency section */
	};
	rootObject = 7A41FC7C2DB42FC8001D48F4 /* Project object */;
}
